// !$*UTF8*$!
{
	archiveVersion = 1;
	classes = {
	};
	objectVersion = 55;
	objects = {

/* Begin PBXBuildFile section */
		89B52495289018B5001B417B /* AppDelegate.swift in Sources */ = {isa = PBXBuildFile; fileRef = 89B52494289018B5001B417B /* AppDelegate.swift */; };
		89B52497289018B5001B417B /* SceneDelegate.swift in Sources */ = {isa = PBXBuildFile; fileRef = 89B52496289018B5001B417B /* SceneDelegate.swift */; };
		89B52499289018B5001B417B /* MainViewController.swift in Sources */ = {isa = PBXBuildFile; fileRef = 89B52498289018B5001B417B /* MainViewController.swift */; };
		89B5249C289018B5001B417B /* Main.storyboard in Resources */ = {isa = PBXBuildFile; fileRef = 89B5249A289018B5001B417B /* Main.storyboard */; };
		89B5249E289018B6001B417B /* Assets.xcassets in Resources */ = {isa = PBXBuildFile; fileRef = 89B5249D289018B6001B417B /* Assets.xcassets */; };
		89B524A1289018B6001B417B /* LaunchScreen.storyboard in Resources */ = {isa = PBXBuildFile; fileRef = 89B5249F289018B6001B417B /* LaunchScreen.storyboard */; };
		8A7BAFEE289154D700CA4795 /* Creator.swift in Sources */ = {isa = PBXBuildFile; fileRef = 8A7BAFEA289154C200CA4795 /* Creator.swift */; };
		8A7BAFEF289154DA00CA4795 /* CreatorsListViewController.swift in Sources */ = {isa = PBXBuildFile; fileRef = 8A7BAFEC289154C200CA4795 /* CreatorsListViewController.swift */; };
		8A7BAFF0289154DB00CA4795 /* CustomTableViewCell.swift in Sources */ = {isa = PBXBuildFile; fileRef = 8A7BAFED289154C200CA4795 /* CustomTableViewCell.swift */; };
		8A7BAFF1289163D400CA4795 /* CreatorsList.storyboard in Resources */ = {isa = PBXBuildFile; fileRef = 8A7BAFEB289154C200CA4795 /* CreatorsList.storyboard */; };
		CE573F3B28929B6B000B8E4F /* CircleStruct.swift in Sources */ = {isa = PBXBuildFile; fileRef = CE573F3A28929B6B000B8E4F /* CircleStruct.swift */; };
		CEC8B3772892A48B001A2836 /* Count.storyboard in Resources */ = {isa = PBXBuildFile; fileRef = CEC8B3762892A48A001A2836 /* Count.storyboard */; };
		CEC8B3792892A4A4001A2836 /* CountViewController.swift in Sources */ = {isa = PBXBuildFile; fileRef = CEC8B3782892A4A4001A2836 /* CountViewController.swift */; };
/* End PBXBuildFile section */

/* Begin PBXFileReference section */
		89B52491289018B5001B417B /* squidCount.app */ = {isa = PBXFileReference; explicitFileType = wrapper.application; includeInIndex = 0; path = squidCount.app; sourceTree = BUILT_PRODUCTS_DIR; };
		89B52494289018B5001B417B /* AppDelegate.swift */ = {isa = PBXFileReference; lastKnownFileType = sourcecode.swift; path = AppDelegate.swift; sourceTree = "<group>"; };
		89B52496289018B5001B417B /* SceneDelegate.swift */ = {isa = PBXFileReference; lastKnownFileType = sourcecode.swift; path = SceneDelegate.swift; sourceTree = "<group>"; };
		89B52498289018B5001B417B /* MainViewController.swift */ = {isa = PBXFileReference; lastKnownFileType = sourcecode.swift; path = MainViewController.swift; sourceTree = "<group>"; };
		89B5249B289018B5001B417B /* Base */ = {isa = PBXFileReference; lastKnownFileType = file.storyboard; name = Base; path = Base.lproj/Main.storyboard; sourceTree = "<group>"; };
		89B5249D289018B6001B417B /* Assets.xcassets */ = {isa = PBXFileReference; lastKnownFileType = folder.assetcatalog; path = Assets.xcassets; sourceTree = "<group>"; };
		89B524A0289018B6001B417B /* Base */ = {isa = PBXFileReference; lastKnownFileType = file.storyboard; name = Base; path = Base.lproj/LaunchScreen.storyboard; sourceTree = "<group>"; };
		89B524A2289018B6001B417B /* Info.plist */ = {isa = PBXFileReference; lastKnownFileType = text.plist.xml; path = Info.plist; sourceTree = "<group>"; };
		8A7BAFEA289154C200CA4795 /* Creator.swift */ = {isa = PBXFileReference; lastKnownFileType = sourcecode.swift; path = Creator.swift; sourceTree = "<group>"; };
		8A7BAFEB289154C200CA4795 /* CreatorsList.storyboard */ = {isa = PBXFileReference; lastKnownFileType = file.storyboard; path = CreatorsList.storyboard; sourceTree = "<group>"; };
		8A7BAFEC289154C200CA4795 /* CreatorsListViewController.swift */ = {isa = PBXFileReference; lastKnownFileType = sourcecode.swift; path = CreatorsListViewController.swift; sourceTree = "<group>"; };
		8A7BAFED289154C200CA4795 /* CustomTableViewCell.swift */ = {isa = PBXFileReference; lastKnownFileType = sourcecode.swift; path = CustomTableViewCell.swift; sourceTree = "<group>"; };
		CE573F3A28929B6B000B8E4F /* CircleStruct.swift */ = {isa = PBXFileReference; lastKnownFileType = sourcecode.swift; path = CircleStruct.swift; sourceTree = "<group>"; };
		CEC8B3762892A48A001A2836 /* Count.storyboard */ = {isa = PBXFileReference; fileEncoding = 4; lastKnownFileType = file.storyboard; path = Count.storyboard; sourceTree = "<group>"; };
		CEC8B3782892A4A4001A2836 /* CountViewController.swift */ = {isa = PBXFileReference; fileEncoding = 4; lastKnownFileType = sourcecode.swift; name = CountViewController.swift; path = "squidCount/View Controllers/CountViewController.swift"; sourceTree = SOURCE_ROOT; };
/* End PBXFileReference section */

/* Begin PBXFrameworksBuildPhase section */
		89B5248E289018B5001B417B /* Frameworks */ = {
			isa = PBXFrameworksBuildPhase;
			buildActionMask = 2147483647;
			files = (
			);
			runOnlyForDeploymentPostprocessing = 0;
		};
/* End PBXFrameworksBuildPhase section */

/* Begin PBXGroup section */
		7F735E99289021E1005F2D77 /* Models */ = {
			isa = PBXGroup;
			children = (
				CE573F3A28929B6B000B8E4F /* CircleStruct.swift */,
				8A7BAFEA289154C200CA4795 /* Creator.swift */,
			);
			path = Models;
			sourceTree = "<group>";
		};
		8964E216289168220016759B /* Storyboards */ = {
			isa = PBXGroup;
			children = (
				89B5249A289018B5001B417B /* Main.storyboard */,
				8A7BAFEB289154C200CA4795 /* CreatorsList.storyboard */,
				CEC8B3762892A48A001A2836 /* Count.storyboard */,
				89B5249F289018B6001B417B /* LaunchScreen.storyboard */,
			);
			path = Storyboards;
			sourceTree = "<group>";
		};
		8964E2172891683C0016759B /* Application */ = {
			isa = PBXGroup;
			children = (
				89B52494289018B5001B417B /* AppDelegate.swift */,
				89B52496289018B5001B417B /* SceneDelegate.swift */,
				89B524A2289018B6001B417B /* Info.plist */,
			);
			path = Application;
			sourceTree = "<group>";
		};
		8964E218289168590016759B /* Resources */ = {
			isa = PBXGroup;
			children = (
				89B5249D289018B6001B417B /* Assets.xcassets */,
			);
			path = Resources;
			sourceTree = "<group>";
		};
		8964E219289168620016759B /* View Controllers */ = {
			isa = PBXGroup;
			children = (
				CEC8B3782892A4A4001A2836 /* CountViewController.swift */,
				89B52498289018B5001B417B /* MainViewController.swift */,
				8A7BAFEC289154C200CA4795 /* CreatorsListViewController.swift */,
			);
			path = "View Controllers";
			sourceTree = "<group>";
		};
		8964E21A289168740016759B /* Views */ = {
			isa = PBXGroup;
			children = (
				8A7BAFED289154C200CA4795 /* CustomTableViewCell.swift */,
			);
			path = Views;
			sourceTree = "<group>";
		};
		89B52488289018B5001B417B = {
			isa = PBXGroup;
			children = (
				89B52493289018B5001B417B /* squidCount */,
				89B52492289018B5001B417B /* Products */,
			);
			sourceTree = "<group>";
		};
		89B52492289018B5001B417B /* Products */ = {
			isa = PBXGroup;
			children = (
				89B52491289018B5001B417B /* squidCount.app */,
			);
			name = Products;
			sourceTree = "<group>";
		};
		89B52493289018B5001B417B /* squidCount */ = {
			isa = PBXGroup;
			children = (
				8964E21A289168740016759B /* Views */,
				8964E219289168620016759B /* View Controllers */,
				8964E218289168590016759B /* Resources */,
				8964E2172891683C0016759B /* Application */,
				8964E216289168220016759B /* Storyboards */,
				7F735E99289021E1005F2D77 /* Models */,
			);
			path = squidCount;
			sourceTree = "<group>";
		};
/* End PBXGroup section */

/* Begin PBXNativeTarget section */
		89B52490289018B5001B417B /* squidCount */ = {
			isa = PBXNativeTarget;
			buildConfigurationList = 89B524A5289018B6001B417B /* Build configuration list for PBXNativeTarget "squidCount" */;
			buildPhases = (
				89B5248D289018B5001B417B /* Sources */,
				89B5248E289018B5001B417B /* Frameworks */,
				89B5248F289018B5001B417B /* Resources */,
			);
			buildRules = (
			);
			dependencies = (
			);
			name = squidCount;
			productName = squidCount;
			productReference = 89B52491289018B5001B417B /* squidCount.app */;
			productType = "com.apple.product-type.application";
		};
/* End PBXNativeTarget section */

/* Begin PBXProject section */
		89B52489289018B5001B417B /* Project object */ = {
			isa = PBXProject;
			attributes = {
				BuildIndependentTargetsInParallel = 1;
				LastSwiftUpdateCheck = 1340;
				LastUpgradeCheck = 1340;
				TargetAttributes = {
					89B52490289018B5001B417B = {
						CreatedOnToolsVersion = 13.4;
					};
				};
			};
			buildConfigurationList = 89B5248C289018B5001B417B /* Build configuration list for PBXProject "squidCount" */;
			compatibilityVersion = "Xcode 13.0";
			developmentRegion = en;
			hasScannedForEncodings = 0;
			knownRegions = (
				en,
				Base,
			);
			mainGroup = 89B52488289018B5001B417B;
			productRefGroup = 89B52492289018B5001B417B /* Products */;
			projectDirPath = "";
			projectRoot = "";
			targets = (
				89B52490289018B5001B417B /* squidCount */,
			);
		};
/* End PBXProject section */

/* Begin PBXResourcesBuildPhase section */
		89B5248F289018B5001B417B /* Resources */ = {
			isa = PBXResourcesBuildPhase;
			buildActionMask = 2147483647;
			files = (
				89B524A1289018B6001B417B /* LaunchScreen.storyboard in Resources */,
				8A7BAFF1289163D400CA4795 /* CreatorsList.storyboard in Resources */,
				CEC8B3772892A48B001A2836 /* Count.storyboard in Resources */,
				89B5249E289018B6001B417B /* Assets.xcassets in Resources */,
				89B5249C289018B5001B417B /* Main.storyboard in Resources */,
			);
			runOnlyForDeploymentPostprocessing = 0;
		};
/* End PBXResourcesBuildPhase section */

/* Begin PBXSourcesBuildPhase section */
		89B5248D289018B5001B417B /* Sources */ = {
			isa = PBXSourcesBuildPhase;
			buildActionMask = 2147483647;
			files = (
				CE573F3B28929B6B000B8E4F /* CircleStruct.swift in Sources */,
				8A7BAFEE289154D700CA4795 /* Creator.swift in Sources */,
				8A7BAFEF289154DA00CA4795 /* CreatorsListViewController.swift in Sources */,
				89B52499289018B5001B417B /* MainViewController.swift in Sources */,
				CEC8B3792892A4A4001A2836 /* CountViewController.swift in Sources */,
				8A7BAFF0289154DB00CA4795 /* CustomTableViewCell.swift in Sources */,
				89B52495289018B5001B417B /* AppDelegate.swift in Sources */,
				89B52497289018B5001B417B /* SceneDelegate.swift in Sources */,
			);
			runOnlyForDeploymentPostprocessing = 0;
		};
/* End PBXSourcesBuildPhase section */

/* Begin PBXVariantGroup section */
		89B5249A289018B5001B417B /* Main.storyboard */ = {
			isa = PBXVariantGroup;
			children = (
				89B5249B289018B5001B417B /* Base */,
			);
			name = Main.storyboard;
			sourceTree = "<group>";
		};
		89B5249F289018B6001B417B /* LaunchScreen.storyboard */ = {
			isa = PBXVariantGroup;
			children = (
				89B524A0289018B6001B417B /* Base */,
			);
			name = LaunchScreen.storyboard;
			sourceTree = "<group>";
		};
/* End PBXVariantGroup section */

/* Begin XCBuildConfiguration section */
		89B524A3289018B6001B417B /* Debug */ = {
			isa = XCBuildConfiguration;
			buildSettings = {
				ALWAYS_SEARCH_USER_PATHS = NO;
				CLANG_ANALYZER_NONNULL = YES;
				CLANG_ANALYZER_NUMBER_OBJECT_CONVERSION = YES_AGGRESSIVE;
				CLANG_CXX_LANGUAGE_STANDARD = "gnu++17";
				CLANG_ENABLE_MODULES = YES;
				CLANG_ENABLE_OBJC_ARC = YES;
				CLANG_ENABLE_OBJC_WEAK = YES;
				CLANG_WARN_BLOCK_CAPTURE_AUTORELEASING = YES;
				CLANG_WARN_BOOL_CONVERSION = YES;
				CLANG_WARN_COMMA = YES;
				CLANG_WARN_CONSTANT_CONVERSION = YES;
				CLANG_WARN_DEPRECATED_OBJC_IMPLEMENTATIONS = YES;
				CLANG_WARN_DIRECT_OBJC_ISA_USAGE = YES_ERROR;
				CLANG_WARN_DOCUMENTATION_COMMENTS = YES;
				CLANG_WARN_EMPTY_BODY = YES;
				CLANG_WARN_ENUM_CONVERSION = YES;
				CLANG_WARN_INFINITE_RECURSION = YES;
				CLANG_WARN_INT_CONVERSION = YES;
				CLANG_WARN_NON_LITERAL_NULL_CONVERSION = YES;
				CLANG_WARN_OBJC_IMPLICIT_RETAIN_SELF = YES;
				CLANG_WARN_OBJC_LITERAL_CONVERSION = YES;
				CLANG_WARN_OBJC_ROOT_CLASS = YES_ERROR;
				CLANG_WARN_QUOTED_INCLUDE_IN_FRAMEWORK_HEADER = YES;
				CLANG_WARN_RANGE_LOOP_ANALYSIS = YES;
				CLANG_WARN_STRICT_PROTOTYPES = YES;
				CLANG_WARN_SUSPICIOUS_MOVE = YES;
				CLANG_WARN_UNGUARDED_AVAILABILITY = YES_AGGRESSIVE;
				CLANG_WARN_UNREACHABLE_CODE = YES;
				CLANG_WARN__DUPLICATE_METHOD_MATCH = YES;
				COPY_PHASE_STRIP = NO;
				DEBUG_INFORMATION_FORMAT = dwarf;
				ENABLE_STRICT_OBJC_MSGSEND = YES;
				ENABLE_TESTABILITY = YES;
				GCC_C_LANGUAGE_STANDARD = gnu11;
				GCC_DYNAMIC_NO_PIC = NO;
				GCC_NO_COMMON_BLOCKS = YES;
				GCC_OPTIMIZATION_LEVEL = 0;
				GCC_PREPROCESSOR_DEFINITIONS = (
					"DEBUG=1",
					"$(inherited)",
				);
				GCC_WARN_64_TO_32_BIT_CONVERSION = YES;
				GCC_WARN_ABOUT_RETURN_TYPE = YES_ERROR;
				GCC_WARN_UNDECLARED_SELECTOR = YES;
				GCC_WARN_UNINITIALIZED_AUTOS = YES_AGGRESSIVE;
				GCC_WARN_UNUSED_FUNCTION = YES;
				GCC_WARN_UNUSED_VARIABLE = YES;
				IPHONEOS_DEPLOYMENT_TARGET = 15.5;
				MTL_ENABLE_DEBUG_INFO = INCLUDE_SOURCE;
				MTL_FAST_MATH = YES;
				ONLY_ACTIVE_ARCH = YES;
				SDKROOT = iphoneos;
				SWIFT_ACTIVE_COMPILATION_CONDITIONS = DEBUG;
				SWIFT_OPTIMIZATION_LEVEL = "-Onone";
			};
			name = Debug;
		};
		89B524A4289018B6001B417B /* Release */ = {
			isa = XCBuildConfiguration;
			buildSettings = {
				ALWAYS_SEARCH_USER_PATHS = NO;
				CLANG_ANALYZER_NONNULL = YES;
				CLANG_ANALYZER_NUMBER_OBJECT_CONVERSION = YES_AGGRESSIVE;
				CLANG_CXX_LANGUAGE_STANDARD = "gnu++17";
				CLANG_ENABLE_MODULES = YES;
				CLANG_ENABLE_OBJC_ARC = YES;
				CLANG_ENABLE_OBJC_WEAK = YES;
				CLANG_WARN_BLOCK_CAPTURE_AUTORELEASING = YES;
				CLANG_WARN_BOOL_CONVERSION = YES;
				CLANG_WARN_COMMA = YES;
				CLANG_WARN_CONSTANT_CONVERSION = YES;
				CLANG_WARN_DEPRECATED_OBJC_IMPLEMENTATIONS = YES;
				CLANG_WARN_DIRECT_OBJC_ISA_USAGE = YES_ERROR;
				CLANG_WARN_DOCUMENTATION_COMMENTS = YES;
				CLANG_WARN_EMPTY_BODY = YES;
				CLANG_WARN_ENUM_CONVERSION = YES;
				CLANG_WARN_INFINITE_RECURSION = YES;
				CLANG_WARN_INT_CONVERSION = YES;
				CLANG_WARN_NON_LITERAL_NULL_CONVERSION = YES;
				CLANG_WARN_OBJC_IMPLICIT_RETAIN_SELF = YES;
				CLANG_WARN_OBJC_LITERAL_CONVERSION = YES;
				CLANG_WARN_OBJC_ROOT_CLASS = YES_ERROR;
				CLANG_WARN_QUOTED_INCLUDE_IN_FRAMEWORK_HEADER = YES;
				CLANG_WARN_RANGE_LOOP_ANALYSIS = YES;
				CLANG_WARN_STRICT_PROTOTYPES = YES;
				CLANG_WARN_SUSPICIOUS_MOVE = YES;
				CLANG_WARN_UNGUARDED_AVAILABILITY = YES_AGGRESSIVE;
				CLANG_WARN_UNREACHABLE_CODE = YES;
				CLANG_WARN__DUPLICATE_METHOD_MATCH = YES;
				COPY_PHASE_STRIP = NO;
				DEBUG_INFORMATION_FORMAT = "dwarf-with-dsym";
				ENABLE_NS_ASSERTIONS = NO;
				ENABLE_STRICT_OBJC_MSGSEND = YES;
				GCC_C_LANGUAGE_STANDARD = gnu11;
				GCC_NO_COMMON_BLOCKS = YES;
				GCC_WARN_64_TO_32_BIT_CONVERSION = YES;
				GCC_WARN_ABOUT_RETURN_TYPE = YES_ERROR;
				GCC_WARN_UNDECLARED_SELECTOR = YES;
				GCC_WARN_UNINITIALIZED_AUTOS = YES_AGGRESSIVE;
				GCC_WARN_UNUSED_FUNCTION = YES;
				GCC_WARN_UNUSED_VARIABLE = YES;
				IPHONEOS_DEPLOYMENT_TARGET = 15.5;
				MTL_ENABLE_DEBUG_INFO = NO;
				MTL_FAST_MATH = YES;
				SDKROOT = iphoneos;
				SWIFT_COMPILATION_MODE = wholemodule;
				SWIFT_OPTIMIZATION_LEVEL = "-O";
				VALIDATE_PRODUCT = YES;
			};
			name = Release;
		};
		89B524A6289018B6001B417B /* Debug */ = {
			isa = XCBuildConfiguration;
			buildSettings = {
				ASSETCATALOG_COMPILER_APPICON_NAME = AppIcon;
				ASSETCATALOG_COMPILER_GLOBAL_ACCENT_COLOR_NAME = AccentColor;
				CODE_SIGN_STYLE = Automatic;
				CURRENT_PROJECT_VERSION = 1;
				DEVELOPMENT_TEAM = V2AAW35578;
				GENERATE_INFOPLIST_FILE = YES;
				INFOPLIST_FILE = squidCount/Application/Info.plist;
				INFOPLIST_KEY_UIApplicationSupportsIndirectInputEvents = YES;
				INFOPLIST_KEY_UILaunchStoryboardName = LaunchScreen;
				INFOPLIST_KEY_UIMainStoryboardFile = Main;
				INFOPLIST_KEY_UISupportedInterfaceOrientations_iPad = "UIInterfaceOrientationPortrait UIInterfaceOrientationPortraitUpsideDown UIInterfaceOrientationLandscapeLeft UIInterfaceOrientationLandscapeRight";
				INFOPLIST_KEY_UISupportedInterfaceOrientations_iPhone = "UIInterfaceOrientationPortrait UIInterfaceOrientationLandscapeLeft UIInterfaceOrientationLandscapeRight";
				LD_RUNPATH_SEARCH_PATHS = (
					"$(inherited)",
					"@executable_path/Frameworks",
				);
				MARKETING_VERSION = 1.0;
				PRODUCT_BUNDLE_IDENTIFIER = clown.squidCount;
				PRODUCT_NAME = "$(TARGET_NAME)";
				SWIFT_EMIT_LOC_STRINGS = YES;
				SWIFT_VERSION = 5.0;
				TARGETED_DEVICE_FAMILY = "1,2";
			};
			name = Debug;
		};
		89B524A7289018B6001B417B /* Release */ = {
			isa = XCBuildConfiguration;
			buildSettings = {
				ASSETCATALOG_COMPILER_APPICON_NAME = AppIcon;
				ASSETCATALOG_COMPILER_GLOBAL_ACCENT_COLOR_NAME = AccentColor;
				CODE_SIGN_STYLE = Automatic;
				CURRENT_PROJECT_VERSION = 1;
				DEVELOPMENT_TEAM = V2AAW35578;
				GENERATE_INFOPLIST_FILE = YES;
				INFOPLIST_FILE = squidCount/Application/Info.plist;
				INFOPLIST_KEY_UIApplicationSupportsIndirectInputEvents = YES;
				INFOPLIST_KEY_UILaunchStoryboardName = LaunchScreen;
				INFOPLIST_KEY_UIMainStoryboardFile = Main;
				INFOPLIST_KEY_UISupportedInterfaceOrientations_iPad = "UIInterfaceOrientationPortrait UIInterfaceOrientationPortraitUpsideDown UIInterfaceOrientationLandscapeLeft UIInterfaceOrientationLandscapeRight";
				INFOPLIST_KEY_UISupportedInterfaceOrientations_iPhone = "UIInterfaceOrientationPortrait UIInterfaceOrientationLandscapeLeft UIInterfaceOrientationLandscapeRight";
				LD_RUNPATH_SEARCH_PATHS = (
					"$(inherited)",
					"@executable_path/Frameworks",
				);
				MARKETING_VERSION = 1.0;
				PRODUCT_BUNDLE_IDENTIFIER = clown.squidCount;
				PRODUCT_NAME = "$(TARGET_NAME)";
				SWIFT_EMIT_LOC_STRINGS = YES;
				SWIFT_VERSION = 5.0;
				TARGETED_DEVICE_FAMILY = "1,2";
			};
			name = Release;
		};
/* End XCBuildConfiguration section */

/* Begin XCConfigurationList section */
		89B5248C289018B5001B417B /* Build configuration list for PBXProject "squidCount" */ = {
			isa = XCConfigurationList;
			buildConfigurations = (
				89B524A3289018B6001B417B /* Debug */,
				89B524A4289018B6001B417B /* Release */,
			);
			defaultConfigurationIsVisible = 0;
			defaultConfigurationName = Release;
		};
		89B524A5289018B6001B417B /* Build configuration list for PBXNativeTarget "squidCount" */ = {
			isa = XCConfigurationList;
			buildConfigurations = (
				89B524A6289018B6001B417B /* Debug */,
				89B524A7289018B6001B417B /* Release */,
			);
			defaultConfigurationIsVisible = 0;
			defaultConfigurationName = Release;
		};
/* End XCConfigurationList section */
	};
	rootObject = 89B52489289018B5001B417B /* Project object */;
}
